
Microsoft Visual Studio Solution File, Format Version 12.00
# Visual Studio Version 17
VisualStudioVersion = 17.7.34031.279
MinimumVisualStudioVersion = 10.0.40219.1
Project("{FAE04EC0-301F-11D3-BF4B-00C04F79EFBC}") = "LINDRailways", "LINDRailways\LINDRailways.csproj", "{DF20838A-68E2-462D-81D1-CA2D761BDA38}"
EndProject
Global
	GlobalSection(SolutionConfigurationPlatforms) = preSolution
		Debug|Any CPU = Debug|Any CPU
		Release|Any CPU = Release|Any CPU
	EndGlobalSection
	GlobalSection(ProjectConfigurationPlatforms) = postSolution
		{DF20838A-68E2-462D-81D1-CA2D761BDA38}.Debug|Any CPU.ActiveCfg = Debug|Any CPU
		{DF20838A-68E2-462D-81D1-CA2D761BDA38}.Debug|Any CPU.Build.0 = Debug|Any CPU
		{DF20838A-68E2-462D-81D1-CA2D761BDA38}.Debug|Any CPU.Deploy.0 = Debug|Any CPU
		{DF20838A-68E2-462D-81D1-CA2D761BDA38}.Release|Any CPU.ActiveCfg = Release|Any CPU
		{DF20838A-68E2-462D-81D1-CA2D761BDA38}.Release|Any CPU.Build.0 = Release|Any CPU
		{DF20838A-68E2-462D-81D1-CA2D761BDA38}.Release|Any CPU.Deploy.0 = Release|Any CPU
	EndGlobalSection
	GlobalSection(SolutionProperties) = preSolution
		HideSolutionNode = FALSE
	EndGlobalSection
	GlobalSection(ExtensibilityGlobals) = postSolution
		SolutionGuid = {1ACCF70C-A7B9-42B9-9504-B4DD2F3495D0}
	EndGlobalSection
EndGlobal
